{
  "name": "1806",
  "version": "1.0.0",
  "lockfileVersion": 3,
  "requires": true,
  "packages": {
    "": {
      "name": "1806",
      "version": "1.0.0",
      "license": "ISC",
      "workspaces": [
        "packages/*"
      ]
    },
    "node_modules/@types/sinon": {
      "version": "10.0.20",
      "resolved": "https://registry.npmjs.org/@types/sinon/-/sinon-10.0.20.tgz",
      "integrity": "sha512-2APKKruFNCAZgx3daAyACGzWuJ028VVCUDk6o2rw/Z4PXT0ogwdV4KUegW0MwVs0Zu59auPXbbuBJHF12Sx1Eg==",
      "dev": true,
      "dependencies": {
        "@types/sinonjs__fake-timers": "*"
      }
    },
    "node_modules/@types/sinonjs__fake-timers": {
      "version": "8.1.5",
      "resolved": "https://registry.npmjs.org/@types/sinonjs__fake-timers/-/sinonjs__fake-timers-8.1.5.tgz",
      "integrity": "sha512-mQkU2jY8jJEF7YHjHvsQO8+3ughTL1mcnn96igfhONmR+fUPSKIkefQYpSe8bsly2Ep7oQbn/6VG5/9/0qcArQ==",
      "dev": true
    },
    "node_modules/pkg-a": {
      "resolved": "packages/pkg-a",
      "link": true
    },
    "node_modules/pkg-b": {
      "resolved": "packages/pkg-b",
      "link": true
    },
    "packages/pkg-a": {
      "version": "1.0.0",
      "license": "ISC",
      "devDependencies": {
        "@types/sinon": "10.0.20"
      }
    },
    "packages/pkg-b": {
      "version": "1.0.0",
      "license": "ISC",
      "devDependencies": {
        "@types/sinon": "^10.0.11"
      }
    }
  }
}
