{
  "name": "1806",
  "version": "1.0.0",
  "lockfileVersion": 3,
  "requires": true,
  "packages": {
    "": {
      "name": "1806",
      "version": "1.0.0",
      "license": "ISC",
      "devDependencies": {
        "@types/sinon": "^10.0.11"
      }
    },
    "node_modules/@types/sinon": {
      "version": "10.0.11",
      "resolved": "https://registry.npmjs.org/@types/sinon/-/sinon-10.0.11.tgz",
      "integrity": "sha512-dmZsHlBsKUtBpHriNjlK0ndlvEh8dcb9uV9Afsbt89QIyydpC7NcR+nWlAhASfy3GHnxTl4FX/aKE7XZUt/B4g==",
      "dev": true,
      "dependencies": {
        "@types/sinonjs__fake-timers": "*"
      }
    },
    "node_modules/@types/sinonjs__fake-timers": {
      "version": "8.1.5",
      "resolved": "https://registry.npmjs.org/@types/sinonjs__fake-timers/-/sinonjs__fake-timers-8.1.5.tgz",
      "integrity": "sha512-mQkU2jY8jJEF7YHjHvsQO8+3ughTL1mcnn96igfhONmR+fUPSKIkefQYpSe8bsly2Ep7oQbn/6VG5/9/0qcArQ==",
      "dev": true
    }
  }
}
